
Microsoft Visual Studio Solution File, Format Version 12.00
Project("{FAE04EC0-301F-11D3-BF4B-00C04F79EFBC}") = "DnpAssignment", "DnpAssignment\DnpAssignment.csproj", "{F92B0E70-AE63-4ED4-AE34-4CF1394BC60B}"
EndProject
Project("{2150E333-8FDC-42A3-9474-1A3956D46DE8}") = "Server", "Server", "{2DE323E2-F971-4FC3-827B-4549E9C4C2C6}"
EndProject
Project("{FAE04EC0-301F-11D3-BF4B-00C04F79EFBC}") = "Entities", "Entities\Entities.csproj", "{BDDD5CA1-7032-4FA8-86B1-6E0B33A1F001}"
EndProject
Project("{FAE04EC0-301F-11D3-BF4B-00C04F79EFBC}") = "RepositoryContracts", "RepositoryContracts\RepositoryContracts.csproj", "{4AE00771-012D-473B-A83B-B1FEE7226FE4}"
EndProject
Project("{FAE04EC0-301F-11D3-BF4B-00C04F79EFBC}") = "InMemoryRepository", "InMemoryRepository\InMemoryRepository.csproj", "{9EA58C2A-5E18-44AA-A57C-59379619E9E0}"
EndProject
Project("{FAE04EC0-301F-11D3-BF4B-00C04F79EFBC}") = "CLI", "CLI\CLI.csproj", "{6703EE2A-86C0-4282-8431-A41AFFB5E35C}"
EndProject
Global
	GlobalSection(SolutionConfigurationPlatforms) = preSolution
		Debug|Any CPU = Debug|Any CPU
		Release|Any CPU = Release|Any CPU
	EndGlobalSection
	GlobalSection(ProjectConfigurationPlatforms) = postSolution
		{F92B0E70-AE63-4ED4-AE34-4CF1394BC60B}.Debug|Any CPU.ActiveCfg = Debug|Any CPU
		{F92B0E70-AE63-4ED4-AE34-4CF1394BC60B}.Debug|Any CPU.Build.0 = Debug|Any CPU
		{F92B0E70-AE63-4ED4-AE34-4CF1394BC60B}.Release|Any CPU.ActiveCfg = Release|Any CPU
		{F92B0E70-AE63-4ED4-AE34-4CF1394BC60B}.Release|Any CPU.Build.0 = Release|Any CPU
		{BDDD5CA1-7032-4FA8-86B1-6E0B33A1F001}.Debug|Any CPU.ActiveCfg = Debug|Any CPU
		{BDDD5CA1-7032-4FA8-86B1-6E0B33A1F001}.Debug|Any CPU.Build.0 = Debug|Any CPU
		{BDDD5CA1-7032-4FA8-86B1-6E0B33A1F001}.Release|Any CPU.ActiveCfg = Release|Any CPU
		{BDDD5CA1-7032-4FA8-86B1-6E0B33A1F001}.Release|Any CPU.Build.0 = Release|Any CPU
		{4AE00771-012D-473B-A83B-B1FEE7226FE4}.Debug|Any CPU.ActiveCfg = Debug|Any CPU
		{4AE00771-012D-473B-A83B-B1FEE7226FE4}.Debug|Any CPU.Build.0 = Debug|Any CPU
		{4AE00771-012D-473B-A83B-B1FEE7226FE4}.Release|Any CPU.ActiveCfg = Release|Any CPU
		{4AE00771-012D-473B-A83B-B1FEE7226FE4}.Release|Any CPU.Build.0 = Release|Any CPU
		{9EA58C2A-5E18-44AA-A57C-59379619E9E0}.Debug|Any CPU.ActiveCfg = Debug|Any CPU
		{9EA58C2A-5E18-44AA-A57C-59379619E9E0}.Debug|Any CPU.Build.0 = Debug|Any CPU
		{9EA58C2A-5E18-44AA-A57C-59379619E9E0}.Release|Any CPU.ActiveCfg = Release|Any CPU
		{9EA58C2A-5E18-44AA-A57C-59379619E9E0}.Release|Any CPU.Build.0 = Release|Any CPU
		{6703EE2A-86C0-4282-8431-A41AFFB5E35C}.Debug|Any CPU.ActiveCfg = Debug|Any CPU
		{6703EE2A-86C0-4282-8431-A41AFFB5E35C}.Debug|Any CPU.Build.0 = Debug|Any CPU
		{6703EE2A-86C0-4282-8431-A41AFFB5E35C}.Release|Any CPU.ActiveCfg = Release|Any CPU
		{6703EE2A-86C0-4282-8431-A41AFFB5E35C}.Release|Any CPU.Build.0 = Release|Any CPU
	EndGlobalSection
	GlobalSection(NestedProjects) = preSolution
		{BDDD5CA1-7032-4FA8-86B1-6E0B33A1F001} = {2DE323E2-F971-4FC3-827B-4549E9C4C2C6}
		{4AE00771-012D-473B-A83B-B1FEE7226FE4} = {2DE323E2-F971-4FC3-827B-4549E9C4C2C6}
		{9EA58C2A-5E18-44AA-A57C-59379619E9E0} = {2DE323E2-F971-4FC3-827B-4549E9C4C2C6}
		{6703EE2A-86C0-4282-8431-A41AFFB5E35C} = {2DE323E2-F971-4FC3-827B-4549E9C4C2C6}
	EndGlobalSection
EndGlobal
